// !$*UTF8*$!
{
	archiveVersion = 1;
	classes = {
	};
	objectVersion = 46;
	objects = {

/* Begin PBXBuildFile section */
		232C6B981CCE507700E7A55D /* ADModel.swift in Sources */ = {isa = PBXBuildFile; fileRef = 232C6B971CCE507600E7A55D /* ADModel.swift */; };
		23595E1C1CD07F710011A2B8 /* HE_Dict2Model.swift in Sources */ = {isa = PBXBuildFile; fileRef = 23595E191CD07F710011A2B8 /* HE_Dict2Model.swift */; };
		23595E1D1CD07F710011A2B8 /* HE_Foundation.swift in Sources */ = {isa = PBXBuildFile; fileRef = 23595E1A1CD07F710011A2B8 /* HE_Foundation.swift */; };
		23595E1E1CD07F710011A2B8 /* HE_Model2Dict.swift in Sources */ = {isa = PBXBuildFile; fileRef = 23595E1B1CD07F710011A2B8 /* HE_Model2Dict.swift */; };
		23595E221CD07F8C0011A2B8 /* Status.swift in Sources */ = {isa = PBXBuildFile; fileRef = 23595E201CD07F8C0011A2B8 /* Status.swift */; };
		23595E231CD07F8C0011A2B8 /* User.swift in Sources */ = {isa = PBXBuildFile; fileRef = 23595E211CD07F8C0011A2B8 /* User.swift */; };
		2383005E1CCDBBAD00864F7F /* BaseViewController.swift in Sources */ = {isa = PBXBuildFile; fileRef = 2383005A1CCDBBAD00864F7F /* BaseViewController.swift */; };
		238300611CCDBC3A00864F7F /* UIColor+Extention.swift in Sources */ = {isa = PBXBuildFile; fileRef = 238300601CCDBC3A00864F7F /* UIColor+Extention.swift */; };
		238300661CCDBFD200864F7F /* GuideViewController.swift in Sources */ = {isa = PBXBuildFile; fileRef = 238300651CCDBFD200864F7F /* GuideViewController.swift */; };
		238300681CCDC9B800864F7F /* GuideCell.swift in Sources */ = {isa = PBXBuildFile; fileRef = 238300671CCDC9B800864F7F /* GuideCell.swift */; };
		2383006C1CCDF52E00864F7F /* ADViewController.swift in Sources */ = {isa = PBXBuildFile; fileRef = 2383006B1CCDF52E00864F7F /* ADViewController.swift */; };
		2383006E1CCDF8C800864F7F /* UIDevice+Extention.swift in Sources */ = {isa = PBXBuildFile; fileRef = 2383006D1CCDF8C800864F7F /* UIDevice+Extention.swift */; };
		238300701CCDFAC200864F7F /* Config.swift in Sources */ = {isa = PBXBuildFile; fileRef = 2383006F1CCDFAC200864F7F /* Config.swift */; };
		238300941CCDFAFD00864F7F /* MKAnnotationView+WebCache.m in Sources */ = {isa = PBXBuildFile; fileRef = 238300741CCDFAFD00864F7F /* MKAnnotationView+WebCache.m */; };
		238300951CCDFAFD00864F7F /* NSData+ImageContentType.m in Sources */ = {isa = PBXBuildFile; fileRef = 238300761CCDFAFD00864F7F /* NSData+ImageContentType.m */; };
		238300961CCDFAFD00864F7F /* SDImageCache.m in Sources */ = {isa = PBXBuildFile; fileRef = 238300781CCDFAFD00864F7F /* SDImageCache.m */; };
		238300971CCDFAFD00864F7F /* SDWebImageCompat.m in Sources */ = {isa = PBXBuildFile; fileRef = 2383007A1CCDFAFD00864F7F /* SDWebImageCompat.m */; };
		238300981CCDFAFD00864F7F /* SDWebImageDecoder.m in Sources */ = {isa = PBXBuildFile; fileRef = 2383007C1CCDFAFD00864F7F /* SDWebImageDecoder.m */; };
		238300991CCDFAFD00864F7F /* SDWebImageDownloader.m in Sources */ = {isa = PBXBuildFile; fileRef = 2383007E1CCDFAFD00864F7F /* SDWebImageDownloader.m */; };
		2383009A1CCDFAFD00864F7F /* SDWebImageDownloaderOperation.m in Sources */ = {isa = PBXBuildFile; fileRef = 238300801CCDFAFD00864F7F /* SDWebImageDownloaderOperation.m */; };
		2383009B1CCDFAFD00864F7F /* SDWebImageManager.m in Sources */ = {isa = PBXBuildFile; fileRef = 238300821CCDFAFD00864F7F /* SDWebImageManager.m */; };
		2383009C1CCDFAFD00864F7F /* SDWebImagePrefetcher.m in Sources */ = {isa = PBXBuildFile; fileRef = 238300851CCDFAFD00864F7F /* SDWebImagePrefetcher.m */; };
		2383009D1CCDFAFD00864F7F /* UIButton+WebCache.m in Sources */ = {isa = PBXBuildFile; fileRef = 238300871CCDFAFD00864F7F /* UIButton+WebCache.m */; };
		2383009E1CCDFAFD00864F7F /* UIImage+GIF.m in Sources */ = {isa = PBXBuildFile; fileRef = 238300891CCDFAFD00864F7F /* UIImage+GIF.m */; };
		2383009F1CCDFAFD00864F7F /* UIImage+MultiFormat.m in Sources */ = {isa = PBXBuildFile; fileRef = 2383008B1CCDFAFD00864F7F /* UIImage+MultiFormat.m */; };
		238300A01CCDFAFD00864F7F /* UIImage+WebP.m in Sources */ = {isa = PBXBuildFile; fileRef = 2383008D1CCDFAFD00864F7F /* UIImage+WebP.m */; };
		238300A11CCDFAFD00864F7F /* UIImageView+HighlightedWebCache.m in Sources */ = {isa = PBXBuildFile; fileRef = 2383008F1CCDFAFD00864F7F /* UIImageView+HighlightedWebCache.m */; };
		238300A21CCDFAFD00864F7F /* UIImageView+WebCache.m in Sources */ = {isa = PBXBuildFile; fileRef = 238300911CCDFAFD00864F7F /* UIImageView+WebCache.m */; };
		238300A31CCDFAFD00864F7F /* UIView+WebCacheOperation.m in Sources */ = {isa = PBXBuildFile; fileRef = 238300931CCDFAFD00864F7F /* UIView+WebCacheOperation.m */; };
		239660F31CCCED2700113951 /* AppDelegate.swift in Sources */ = {isa = PBXBuildFile; fileRef = 239660F21CCCED2700113951 /* AppDelegate.swift */; };
		239660FA1CCCED2700113951 /* Assets.xcassets in Resources */ = {isa = PBXBuildFile; fileRef = 239660F91CCCED2700113951 /* Assets.xcassets */; };
		239AC9181CCF924300638EDB /* DictModelManager.swift in Sources */ = {isa = PBXBuildFile; fileRef = 239AC9171CCF924300638EDB /* DictModelManager.swift */; };
/* End PBXBuildFile section */

/* Begin PBXFileReference section */
		232C6B971CCE507600E7A55D /* ADModel.swift */ = {isa = PBXFileReference; fileEncoding = 4; lastKnownFileType = sourcecode.swift; path = ADModel.swift; sourceTree = "<group>"; };
		23595E191CD07F710011A2B8 /* HE_Dict2Model.swift */ = {isa = PBXFileReference; fileEncoding = 4; lastKnownFileType = sourcecode.swift; path = HE_Dict2Model.swift; sourceTree = "<group>"; };
		23595E1A1CD07F710011A2B8 /* HE_Foundation.swift */ = {isa = PBXFileReference; fileEncoding = 4; lastKnownFileType = sourcecode.swift; path = HE_Foundation.swift; sourceTree = "<group>"; };
		23595E1B1CD07F710011A2B8 /* HE_Model2Dict.swift */ = {isa = PBXFileReference; fileEncoding = 4; lastKnownFileType = sourcecode.swift; path = HE_Model2Dict.swift; sourceTree = "<group>"; };
		23595E201CD07F8C0011A2B8 /* Status.swift */ = {isa = PBXFileReference; fileEncoding = 4; lastKnownFileType = sourcecode.swift; path = Status.swift; sourceTree = "<group>"; };
		23595E211CD07F8C0011A2B8 /* User.swift */ = {isa = PBXFileReference; fileEncoding = 4; lastKnownFileType = sourcecode.swift; path = User.swift; sourceTree = "<group>"; };
		2383005A1CCDBBAD00864F7F /* BaseViewController.swift */ = {isa = PBXFileReference; fileEncoding = 4; lastKnownFileType = sourcecode.swift; path = BaseViewController.swift; sourceTree = "<group>"; };
		238300601CCDBC3A00864F7F /* UIColor+Extention.swift */ = {isa = PBXFileReference; fileEncoding = 4; lastKnownFileType = sourcecode.swift; path = "UIColor+Extention.swift"; sourceTree = "<group>"; };
		238300651CCDBFD200864F7F /* GuideViewController.swift */ = {isa = PBXFileReference; fileEncoding = 4; lastKnownFileType = sourcecode.swift; path = GuideViewController.swift; sourceTree = "<group>"; };
		238300671CCDC9B800864F7F /* GuideCell.swift */ = {isa = PBXFileReference; fileEncoding = 4; lastKnownFileType = sourcecode.swift; path = GuideCell.swift; sourceTree = "<group>"; };
		2383006B1CCDF52E00864F7F /* ADViewController.swift */ = {isa = PBXFileReference; fileEncoding = 4; lastKnownFileType = sourcecode.swift; path = ADViewController.swift; sourceTree = "<group>"; };
		2383006D1CCDF8C800864F7F /* UIDevice+Extention.swift */ = {isa = PBXFileReference; fileEncoding = 4; lastKnownFileType = sourcecode.swift; path = "UIDevice+Extention.swift"; sourceTree = "<group>"; };
		2383006F1CCDFAC200864F7F /* Config.swift */ = {isa = PBXFileReference; fileEncoding = 4; lastKnownFileType = sourcecode.swift; path = Config.swift; sourceTree = "<group>"; };
		238300731CCDFAFD00864F7F /* MKAnnotationView+WebCache.h */ = {isa = PBXFileReference; fileEncoding = 4; lastKnownFileType = sourcecode.c.h; path = "MKAnnotationView+WebCache.h"; sourceTree = "<group>"; };
		238300741CCDFAFD00864F7F /* MKAnnotationView+WebCache.m */ = {isa = PBXFileReference; fileEncoding = 4; lastKnownFileType = sourcecode.c.objc; path = "MKAnnotationView+WebCache.m"; sourceTree = "<group>"; };
		238300751CCDFAFD00864F7F /* NSData+ImageContentType.h */ = {isa = PBXFileReference; fileEncoding = 4; lastKnownFileType = sourcecode.c.h; path = "NSData+ImageContentType.h"; sourceTree = "<group>"; };
		238300761CCDFAFD00864F7F /* NSData+ImageContentType.m */ = {isa = PBXFileReference; fileEncoding = 4; lastKnownFileType = sourcecode.c.objc; path = "NSData+ImageContentType.m"; sourceTree = "<group>"; };
		238300771CCDFAFD00864F7F /* SDImageCache.h */ = {isa = PBXFileReference; fileEncoding = 4; lastKnownFileType = sourcecode.c.h; path = SDImageCache.h; sourceTree = "<group>"; };
		238300781CCDFAFD00864F7F /* SDImageCache.m */ = {isa = PBXFileReference; fileEncoding = 4; lastKnownFileType = sourcecode.c.objc; path = SDImageCache.m; sourceTree = "<group>"; };
		238300791CCDFAFD00864F7F /* SDWebImageCompat.h */ = {isa = PBXFileReference; fileEncoding = 4; lastKnownFileType = sourcecode.c.h; path = SDWebImageCompat.h; sourceTree = "<group>"; };
		2383007A1CCDFAFD00864F7F /* SDWebImageCompat.m */ = {isa = PBXFileReference; fileEncoding = 4; lastKnownFileType = sourcecode.c.objc; path = SDWebImageCompat.m; sourceTree = "<group>"; };
		2383007B1CCDFAFD00864F7F /* SDWebImageDecoder.h */ = {isa = PBXFileReference; fileEncoding = 4; lastKnownFileType = sourcecode.c.h; path = SDWebImageDecoder.h; sourceTree = "<group>"; };
		2383007C1CCDFAFD00864F7F /* SDWebImageDecoder.m */ = {isa = PBXFileReference; fileEncoding = 4; lastKnownFileType = sourcecode.c.objc; path = SDWebImageDecoder.m; sourceTree = "<group>"; };
		2383007D1CCDFAFD00864F7F /* SDWebImageDownloader.h */ = {isa = PBXFileReference; fileEncoding = 4; lastKnownFileType = sourcecode.c.h; path = SDWebImageDownloader.h; sourceTree = "<group>"; };
		2383007E1CCDFAFD00864F7F /* SDWebImageDownloader.m */ = {isa = PBXFileReference; fileEncoding = 4; lastKnownFileType = sourcecode.c.objc; path = SDWebImageDownloader.m; sourceTree = "<group>"; };
		2383007F1CCDFAFD00864F7F /* SDWebImageDownloaderOperation.h */ = {isa = PBXFileReference; fileEncoding = 4; lastKnownFileType = sourcecode.c.h; path = SDWebImageDownloaderOperation.h; sourceTree = "<group>"; };
		238300801CCDFAFD00864F7F /* SDWebImageDownloaderOperation.m */ = {isa = PBXFileReference; fileEncoding = 4; lastKnownFileType = sourcecode.c.objc; path = SDWebImageDownloaderOperation.m; sourceTree = "<group>"; };
		238300811CCDFAFD00864F7F /* SDWebImageManager.h */ = {isa = PBXFileReference; fileEncoding = 4; lastKnownFileType = sourcecode.c.h; path = SDWebImageManager.h; sourceTree = "<group>"; };
		238300821CCDFAFD00864F7F /* SDWebImageManager.m */ = {isa = PBXFileReference; fileEncoding = 4; lastKnownFileType = sourcecode.c.objc; path = SDWebImageManager.m; sourceTree = "<group>"; };
		238300831CCDFAFD00864F7F /* SDWebImageOperation.h */ = {isa = PBXFileReference; fileEncoding = 4; lastKnownFileType = sourcecode.c.h; path = SDWebImageOperation.h; sourceTree = "<group>"; };
		238300841CCDFAFD00864F7F /* SDWebImagePrefetcher.h */ = {isa = PBXFileReference; fileEncoding = 4; lastKnownFileType = sourcecode.c.h; path = SDWebImagePrefetcher.h; sourceTree = "<group>"; };
		238300851CCDFAFD00864F7F /* SDWebImagePrefetcher.m */ = {isa = PBXFileReference; fileEncoding = 4; lastKnownFileType = sourcecode.c.objc; path = SDWebImagePrefetcher.m; sourceTree = "<group>"; };
		238300861CCDFAFD00864F7F /* UIButton+WebCache.h */ = {isa = PBXFileReference; fileEncoding = 4; lastKnownFileType = sourcecode.c.h; path = "UIButton+WebCache.h"; sourceTree = "<group>"; };
		238300871CCDFAFD00864F7F /* UIButton+WebCache.m */ = {isa = PBXFileReference; fileEncoding = 4; lastKnownFileType = sourcecode.c.objc; path = "UIButton+WebCache.m"; sourceTree = "<group>"; };
		238300881CCDFAFD00864F7F /* UIImage+GIF.h */ = {isa = PBXFileReference; fileEncoding = 4; lastKnownFileType = sourcecode.c.h; path = "UIImage+GIF.h"; sourceTree = "<group>"; };
		238300891CCDFAFD00864F7F /* UIImage+GIF.m */ = {isa = PBXFileReference; fileEncoding = 4; lastKnownFileType = sourcecode.c.objc; path = "UIImage+GIF.m"; sourceTree = "<group>"; };
		2383008A1CCDFAFD00864F7F /* UIImage+MultiFormat.h */ = {isa = PBXFileReference; fileEncoding = 4; lastKnownFileType = sourcecode.c.h; path = "UIImage+MultiFormat.h"; sourceTree = "<group>"; };
		2383008B1CCDFAFD00864F7F /* UIImage+MultiFormat.m */ = {isa = PBXFileReference; fileEncoding = 4; lastKnownFileType = sourcecode.c.objc; path = "UIImage+MultiFormat.m"; sourceTree = "<group>"; };
		2383008C1CCDFAFD00864F7F /* UIImage+WebP.h */ = {isa = PBXFileReference; fileEncoding = 4; lastKnownFileType = sourcecode.c.h; path = "UIImage+WebP.h"; sourceTree = "<group>"; };
		2383008D1CCDFAFD00864F7F /* UIImage+WebP.m */ = {isa = PBXFileReference; fileEncoding = 4; lastKnownFileType = sourcecode.c.objc; path = "UIImage+WebP.m"; sourceTree = "<group>"; };
		2383008E1CCDFAFD00864F7F /* UIImageView+HighlightedWebCache.h */ = {isa = PBXFileReference; fileEncoding = 4; lastKnownFileType = sourcecode.c.h; path = "UIImageView+HighlightedWebCache.h"; sourceTree = "<group>"; };
		2383008F1CCDFAFD00864F7F /* UIImageView+HighlightedWebCache.m */ = {isa = PBXFileReference; fileEncoding = 4; lastKnownFileType = sourcecode.c.objc; path = "UIImageView+HighlightedWebCache.m"; sourceTree = "<group>"; };
		238300901CCDFAFD00864F7F /* UIImageView+WebCache.h */ = {isa = PBXFileReference; fileEncoding = 4; lastKnownFileType = sourcecode.c.h; path = "UIImageView+WebCache.h"; sourceTree = "<group>"; };
		238300911CCDFAFD00864F7F /* UIImageView+WebCache.m */ = {isa = PBXFileReference; fileEncoding = 4; lastKnownFileType = sourcecode.c.objc; path = "UIImageView+WebCache.m"; sourceTree = "<group>"; };
		238300921CCDFAFD00864F7F /* UIView+WebCacheOperation.h */ = {isa = PBXFileReference; fileEncoding = 4; lastKnownFileType = sourcecode.c.h; path = "UIView+WebCacheOperation.h"; sourceTree = "<group>"; };
		238300931CCDFAFD00864F7F /* UIView+WebCacheOperation.m */ = {isa = PBXFileReference; fileEncoding = 4; lastKnownFileType = sourcecode.c.objc; path = "UIView+WebCacheOperation.m"; sourceTree = "<group>"; };
		238300A71CCDFC5000864F7F /* AXF+bridging+Header.h */ = {isa = PBXFileReference; lastKnownFileType = sourcecode.c.h; path = "AXF+bridging+Header.h"; sourceTree = "<group>"; };
		239660EF1CCCED2700113951 /* AXF.app */ = {isa = PBXFileReference; explicitFileType = wrapper.application; includeInIndex = 0; path = AXF.app; sourceTree = BUILT_PRODUCTS_DIR; };
		239660F21CCCED2700113951 /* AppDelegate.swift */ = {isa = PBXFileReference; lastKnownFileType = sourcecode.swift; path = AppDelegate.swift; sourceTree = "<group>"; };
		239660F91CCCED2700113951 /* Assets.xcassets */ = {isa = PBXFileReference; lastKnownFileType = folder.assetcatalog; path = Assets.xcassets; sourceTree = "<group>"; };
		239660FE1CCCED2700113951 /* Info.plist */ = {isa = PBXFileReference; lastKnownFileType = text.plist.xml; path = Info.plist; sourceTree = "<group>"; };
		239AC9171CCF924300638EDB /* DictModelManager.swift */ = {isa = PBXFileReference; fileEncoding = 4; lastKnownFileType = sourcecode.swift; path = DictModelManager.swift; sourceTree = "<group>"; };
/* End PBXFileReference section */

/* Begin PBXFrameworksBuildPhase section */
		239660EC1CCCED2600113951 /* Frameworks */ = {
			isa = PBXFrameworksBuildPhase;
			buildActionMask = 2147483647;
			files = (
			);
			runOnlyForDeploymentPostprocessing = 0;
		};
/* End PBXFrameworksBuildPhase section */

/* Begin PBXGroup section */
		23595E181CD07F710011A2B8 /* HEExentionLib */ = {
			isa = PBXGroup;
			children = (
				23595E191CD07F710011A2B8 /* HE_Dict2Model.swift */,
				23595E1A1CD07F710011A2B8 /* HE_Foundation.swift */,
				23595E1B1CD07F710011A2B8 /* HE_Model2Dict.swift */,
			);
			path = HEExentionLib;
			sourceTree = "<group>";
		};
		23595E1F1CD07F8C0011A2B8 /* Models */ = {
			isa = PBXGroup;
			children = (
				23595E201CD07F8C0011A2B8 /* Status.swift */,
				23595E211CD07F8C0011A2B8 /* User.swift */,
			);
			path = Models;
			sourceTree = "<group>";
		};
		238300581CCDBBAD00864F7F /* Class */ = {
			isa = PBXGroup;
			children = (
				238300591CCDBBAD00864F7F /* Base */,
				238300641CCDBFD200864F7F /* Guide */,
				238300691CCDF4D600864F7F /* AD */,
			);
			path = Class;
			sourceTree = "<group>";
		};
		238300591CCDBBAD00864F7F /* Base */ = {
			isa = PBXGroup;
			children = (
				2383005A1CCDBBAD00864F7F /* BaseViewController.swift */,
				2383006F1CCDFAC200864F7F /* Config.swift */,
				238300711CCDFACD00864F7F /* Libs */,
				2383006A1CCDF51900864F7F /* Tools */,
				2383005C1CCDBBAD00864F7F /* Extention */,
			);
			path = Base;
			sourceTree = "<group>";
		};
		2383005C1CCDBBAD00864F7F /* Extention */ = {
			isa = PBXGroup;
			children = (
				238300601CCDBC3A00864F7F /* UIColor+Extention.swift */,
				2383006D1CCDF8C800864F7F /* UIDevice+Extention.swift */,
			);
			path = Extention;
			sourceTree = "<group>";
		};
		238300641CCDBFD200864F7F /* Guide */ = {
			isa = PBXGroup;
			children = (
				238300651CCDBFD200864F7F /* GuideViewController.swift */,
				238300671CCDC9B800864F7F /* GuideCell.swift */,
			);
			path = Guide;
			sourceTree = "<group>";
		};
		238300691CCDF4D600864F7F /* AD */ = {
			isa = PBXGroup;
			children = (
				23595E1F1CD07F8C0011A2B8 /* Models */,
				2383006B1CCDF52E00864F7F /* ADViewController.swift */,
				232C6B971CCE507600E7A55D /* ADModel.swift */,
			);
			path = AD;
			sourceTree = "<group>";
		};
		2383006A1CCDF51900864F7F /* Tools */ = {
			isa = PBXGroup;
			children = (
				239AC9171CCF924300638EDB /* DictModelManager.swift */,
			);
			path = Tools;
			sourceTree = "<group>";
		};
		238300711CCDFACD00864F7F /* Libs */ = {
			isa = PBXGroup;
			children = (
				23595E181CD07F710011A2B8 /* HEExentionLib */,
				238300721CCDFAFD00864F7F /* SDWebImage */,
			);
			path = Libs;
			sourceTree = "<group>";
		};
		238300721CCDFAFD00864F7F /* SDWebImage */ = {
			isa = PBXGroup;
			children = (
				238300731CCDFAFD00864F7F /* MKAnnotationView+WebCache.h */,
				238300741CCDFAFD00864F7F /* MKAnnotationView+WebCache.m */,
				238300751CCDFAFD00864F7F /* NSData+ImageContentType.h */,
				238300761CCDFAFD00864F7F /* NSData+ImageContentType.m */,
				238300771CCDFAFD00864F7F /* SDImageCache.h */,
				238300781CCDFAFD00864F7F /* SDImageCache.m */,
				238300791CCDFAFD00864F7F /* SDWebImageCompat.h */,
				2383007A1CCDFAFD00864F7F /* SDWebImageCompat.m */,
				2383007B1CCDFAFD00864F7F /* SDWebImageDecoder.h */,
				2383007C1CCDFAFD00864F7F /* SDWebImageDecoder.m */,
				2383007D1CCDFAFD00864F7F /* SDWebImageDownloader.h */,
				2383007E1CCDFAFD00864F7F /* SDWebImageDownloader.m */,
				2383007F1CCDFAFD00864F7F /* SDWebImageDownloaderOperation.h */,
				238300801CCDFAFD00864F7F /* SDWebImageDownloaderOperation.m */,
				238300811CCDFAFD00864F7F /* SDWebImageManager.h */,
				238300821CCDFAFD00864F7F /* SDWebImageManager.m */,
				238300831CCDFAFD00864F7F /* SDWebImageOperation.h */,
				238300841CCDFAFD00864F7F /* SDWebImagePrefetcher.h */,
				238300851CCDFAFD00864F7F /* SDWebImagePrefetcher.m */,
				238300861CCDFAFD00864F7F /* UIButton+WebCache.h */,
				238300871CCDFAFD00864F7F /* UIButton+WebCache.m */,
				238300881CCDFAFD00864F7F /* UIImage+GIF.h */,
				238300891CCDFAFD00864F7F /* UIImage+GIF.m */,
				2383008A1CCDFAFD00864F7F /* UIImage+MultiFormat.h */,
				2383008B1CCDFAFD00864F7F /* UIImage+MultiFormat.m */,
				2383008C1CCDFAFD00864F7F /* UIImage+WebP.h */,
				2383008D1CCDFAFD00864F7F /* UIImage+WebP.m */,
				2383008E1CCDFAFD00864F7F /* UIImageView+HighlightedWebCache.h */,
				2383008F1CCDFAFD00864F7F /* UIImageView+HighlightedWebCache.m */,
				238300901CCDFAFD00864F7F /* UIImageView+WebCache.h */,
				238300911CCDFAFD00864F7F /* UIImageView+WebCache.m */,
				238300921CCDFAFD00864F7F /* UIView+WebCacheOperation.h */,
				238300931CCDFAFD00864F7F /* UIView+WebCacheOperation.m */,
			);
			path = SDWebImage;
			sourceTree = "<group>";
		};
		239660E61CCCED2600113951 = {
			isa = PBXGroup;
			children = (
				239660F11CCCED2700113951 /* AXF */,
				239660F01CCCED2700113951 /* Products */,
			);
			sourceTree = "<group>";
		};
		239660F01CCCED2700113951 /* Products */ = {
			isa = PBXGroup;
			children = (
				239660EF1CCCED2700113951 /* AXF.app */,
			);
			name = Products;
			sourceTree = "<group>";
		};
		239660F11CCCED2700113951 /* AXF */ = {
			isa = PBXGroup;
			children = (
				239660F21CCCED2700113951 /* AppDelegate.swift */,
				238300A71CCDFC5000864F7F /* AXF+bridging+Header.h */,
				238300581CCDBBAD00864F7F /* Class */,
				239660F91CCCED2700113951 /* Assets.xcassets */,
				239660FE1CCCED2700113951 /* Info.plist */,
			);
			path = AXF;
			sourceTree = "<group>";
		};
/* End PBXGroup section */

/* Begin PBXNativeTarget section */
		239660EE1CCCED2600113951 /* AXF */ = {
			isa = PBXNativeTarget;
			buildConfigurationList = 239661011CCCED2700113951 /* Build configuration list for PBXNativeTarget "AXF" */;
			buildPhases = (
				239660EB1CCCED2600113951 /* Sources */,
				239660EC1CCCED2600113951 /* Frameworks */,
				239660ED1CCCED2600113951 /* Resources */,
			);
			buildRules = (
			);
			dependencies = (
			);
			name = AXF;
			productName = AXF;
			productReference = 239660EF1CCCED2700113951 /* AXF.app */;
			productType = "com.apple.product-type.application";
		};
/* End PBXNativeTarget section */

/* Begin PBXProject section */
		239660E71CCCED2600113951 /* Project object */ = {
			isa = PBXProject;
			attributes = {
				LastSwiftUpdateCheck = 0720;
				LastUpgradeCheck = 0720;
				ORGANIZATIONNAME = "贺俊孟";
				TargetAttributes = {
					239660EE1CCCED2600113951 = {
						CreatedOnToolsVersion = 7.2;
						DevelopmentTeam = T4QLUC3P6M;
					};
				};
			};
			buildConfigurationList = 239660EA1CCCED2600113951 /* Build configuration list for PBXProject "AXF" */;
			compatibilityVersion = "Xcode 3.2";
			developmentRegion = English;
			hasScannedForEncodings = 0;
			knownRegions = (
				en,
				Base,
			);
			mainGroup = 239660E61CCCED2600113951;
			productRefGroup = 239660F01CCCED2700113951 /* Products */;
			projectDirPath = "";
			projectRoot = "";
			targets = (
				239660EE1CCCED2600113951 /* AXF */,
			);
		};
/* End PBXProject section */

/* Begin PBXResourcesBuildPhase section */
		239660ED1CCCED2600113951 /* Resources */ = {
			isa = PBXResourcesBuildPhase;
			buildActionMask = 2147483647;
			files = (
				239660FA1CCCED2700113951 /* Assets.xcassets in Resources */,
			);
			runOnlyForDeploymentPostprocessing = 0;
		};
/* End PBXResourcesBuildPhase section */

/* Begin PBXSourcesBuildPhase section */
		239660EB1CCCED2600113951 /* Sources */ = {
			isa = PBXSourcesBuildPhase;
			buildActionMask = 2147483647;
			files = (
				23595E1E1CD07F710011A2B8 /* HE_Model2Dict.swift in Sources */,
				238300981CCDFAFD00864F7F /* SDWebImageDecoder.m in Sources */,
				2383009B1CCDFAFD00864F7F /* SDWebImageManager.m in Sources */,
				238300951CCDFAFD00864F7F /* NSData+ImageContentType.m in Sources */,
				23595E231CD07F8C0011A2B8 /* User.swift in Sources */,
				238300971CCDFAFD00864F7F /* SDWebImageCompat.m in Sources */,
				238300A31CCDFAFD00864F7F /* UIView+WebCacheOperation.m in Sources */,
				238300A01CCDFAFD00864F7F /* UIImage+WebP.m in Sources */,
				238300611CCDBC3A00864F7F /* UIColor+Extention.swift in Sources */,
				238300A11CCDFAFD00864F7F /* UIImageView+HighlightedWebCache.m in Sources */,
				2383006E1CCDF8C800864F7F /* UIDevice+Extention.swift in Sources */,
				239660F31CCCED2700113951 /* AppDelegate.swift in Sources */,
				23595E221CD07F8C0011A2B8 /* Status.swift in Sources */,
				2383009D1CCDFAFD00864F7F /* UIButton+WebCache.m in Sources */,
				2383009C1CCDFAFD00864F7F /* SDWebImagePrefetcher.m in Sources */,
				2383009A1CCDFAFD00864F7F /* SDWebImageDownloaderOperation.m in Sources */,
				238300661CCDBFD200864F7F /* GuideViewController.swift in Sources */,
				232C6B981CCE507700E7A55D /* ADModel.swift in Sources */,
				238300681CCDC9B800864F7F /* GuideCell.swift in Sources */,
				2383009F1CCDFAFD00864F7F /* UIImage+MultiFormat.m in Sources */,
				23595E1D1CD07F710011A2B8 /* HE_Foundation.swift in Sources */,
				239AC9181CCF924300638EDB /* DictModelManager.swift in Sources */,
				238300701CCDFAC200864F7F /* Config.swift in Sources */,
				238300961CCDFAFD00864F7F /* SDImageCache.m in Sources */,
				2383006C1CCDF52E00864F7F /* ADViewController.swift in Sources */,
				2383005E1CCDBBAD00864F7F /* BaseViewController.swift in Sources */,
				2383009E1CCDFAFD00864F7F /* UIImage+GIF.m in Sources */,
				238300991CCDFAFD00864F7F /* SDWebImageDownloader.m in Sources */,
				23595E1C1CD07F710011A2B8 /* HE_Dict2Model.swift in Sources */,
				238300A21CCDFAFD00864F7F /* UIImageView+WebCache.m in Sources */,
				238300941CCDFAFD00864F7F /* MKAnnotationView+WebCache.m in Sources */,
			);
			runOnlyForDeploymentPostprocessing = 0;
		};
/* End PBXSourcesBuildPhase section */

/* Begin XCBuildConfiguration section */
		239660FF1CCCED2700113951 /* Debug */ = {
			isa = XCBuildConfiguration;
			buildSettings = {
				ALWAYS_SEARCH_USER_PATHS = NO;
				CLANG_CXX_LANGUAGE_STANDARD = "gnu++0x";
				CLANG_CXX_LIBRARY = "libc++";
				CLANG_ENABLE_MODULES = YES;
				CLANG_ENABLE_OBJC_ARC = YES;
				CLANG_WARN_BOOL_CONVERSION = YES;
				CLANG_WARN_CONSTANT_CONVERSION = YES;
				CLANG_WARN_DIRECT_OBJC_ISA_USAGE = YES_ERROR;
				CLANG_WARN_EMPTY_BODY = YES;
				CLANG_WARN_ENUM_CONVERSION = YES;
				CLANG_WARN_INT_CONVERSION = YES;
				CLANG_WARN_OBJC_ROOT_CLASS = YES_ERROR;
				CLANG_WARN_UNREACHABLE_CODE = YES;
				CLANG_WARN__DUPLICATE_METHOD_MATCH = YES;
				"CODE_SIGN_IDENTITY[sdk=iphoneos*]" = "iPhone Developer";
				COPY_PHASE_STRIP = NO;
				DEBUG_INFORMATION_FORMAT = dwarf;
				ENABLE_STRICT_OBJC_MSGSEND = YES;
				ENABLE_TESTABILITY = YES;
				GCC_C_LANGUAGE_STANDARD = gnu99;
				GCC_DYNAMIC_NO_PIC = NO;
				GCC_NO_COMMON_BLOCKS = YES;
				GCC_OPTIMIZATION_LEVEL = 0;
				GCC_PREPROCESSOR_DEFINITIONS = (
					"DEBUG=1",
					"$(inherited)",
				);
				GCC_WARN_64_TO_32_BIT_CONVERSION = YES;
				GCC_WARN_ABOUT_RETURN_TYPE = YES_ERROR;
				GCC_WARN_UNDECLARED_SELECTOR = YES;
				GCC_WARN_UNINITIALIZED_AUTOS = YES_AGGRESSIVE;
				GCC_WARN_UNUSED_FUNCTION = YES;
				GCC_WARN_UNUSED_VARIABLE = YES;
				IPHONEOS_DEPLOYMENT_TARGET = 9.2;
				MTL_ENABLE_DEBUG_INFO = YES;
				ONLY_ACTIVE_ARCH = YES;
				SDKROOT = iphoneos;
				SWIFT_OPTIMIZATION_LEVEL = "-Onone";
			};
			name = Debug;
		};
		239661001CCCED2700113951 /* Release */ = {
			isa = XCBuildConfiguration;
			buildSettings = {
				ALWAYS_SEARCH_USER_PATHS = NO;
				CLANG_CXX_LANGUAGE_STANDARD = "gnu++0x";
				CLANG_CXX_LIBRARY = "libc++";
				CLANG_ENABLE_MODULES = YES;
				CLANG_ENABLE_OBJC_ARC = YES;
				CLANG_WARN_BOOL_CONVERSION = YES;
				CLANG_WARN_CONSTANT_CONVERSION = YES;
				CLANG_WARN_DIRECT_OBJC_ISA_USAGE = YES_ERROR;
				CLANG_WARN_EMPTY_BODY = YES;
				CLANG_WARN_ENUM_CONVERSION = YES;
				CLANG_WARN_INT_CONVERSION = YES;
				CLANG_WARN_OBJC_ROOT_CLASS = YES_ERROR;
				CLANG_WARN_UNREACHABLE_CODE = YES;
				CLANG_WARN__DUPLICATE_METHOD_MATCH = YES;
				"CODE_SIGN_IDENTITY[sdk=iphoneos*]" = "iPhone Developer";
				COPY_PHASE_STRIP = NO;
				DEBUG_INFORMATION_FORMAT = "dwarf-with-dsym";
				ENABLE_NS_ASSERTIONS = NO;
				ENABLE_STRICT_OBJC_MSGSEND = YES;
				GCC_C_LANGUAGE_STANDARD = gnu99;
				GCC_NO_COMMON_BLOCKS = YES;
				GCC_WARN_64_TO_32_BIT_CONVERSION = YES;
				GCC_WARN_ABOUT_RETURN_TYPE = YES_ERROR;
				GCC_WARN_UNDECLARED_SELECTOR = YES;
				GCC_WARN_UNINITIALIZED_AUTOS = YES_AGGRESSIVE;
				GCC_WARN_UNUSED_FUNCTION = YES;
				GCC_WARN_UNUSED_VARIABLE = YES;
				IPHONEOS_DEPLOYMENT_TARGET = 9.2;
				MTL_ENABLE_DEBUG_INFO = NO;
				SDKROOT = iphoneos;
				VALIDATE_PRODUCT = YES;
			};
			name = Release;
		};
		239661021CCCED2700113951 /* Debug */ = {
			isa = XCBuildConfiguration;
			buildSettings = {
				ASSETCATALOG_COMPILER_APPICON_NAME = AppIcon;
				ASSETCATALOG_COMPILER_LAUNCHIMAGE_NAME = "Brand Assets";
				INFOPLIST_FILE = AXF/Info.plist;
				LD_RUNPATH_SEARCH_PATHS = "$(inherited) @executable_path/Frameworks";
				PRODUCT_BUNDLE_IDENTIFIER = "-143024986-qq.com.AXF";
				PRODUCT_NAME = "$(TARGET_NAME)";
				SWIFT_OBJC_BRIDGING_HEADER = "AXF/AXF+bridging+Header.h";
			};
			name = Debug;
		};
		239661031CCCED2700113951 /* Release */ = {
			isa = XCBuildConfiguration;
			buildSettings = {
				ASSETCATALOG_COMPILER_APPICON_NAME = AppIcon;
				ASSETCATALOG_COMPILER_LAUNCHIMAGE_NAME = "Brand Assets";
				INFOPLIST_FILE = AXF/Info.plist;
				LD_RUNPATH_SEARCH_PATHS = "$(inherited) @executable_path/Frameworks";
				PRODUCT_BUNDLE_IDENTIFIER = "-143024986-qq.com.AXF";
				PRODUCT_NAME = "$(TARGET_NAME)";
				SWIFT_OBJC_BRIDGING_HEADER = "AXF/AXF+bridging+Header.h";
			};
			name = Release;
		};
/* End XCBuildConfiguration section */

/* Begin XCConfigurationList section */
		239660EA1CCCED2600113951 /* Build configuration list for PBXProject "AXF" */ = {
			isa = XCConfigurationList;
			buildConfigurations = (
				239660FF1CCCED2700113951 /* Debug */,
				239661001CCCED2700113951 /* Release */,
			);
			defaultConfigurationIsVisible = 0;
			defaultConfigurationName = Release;
		};
		239661011CCCED2700113951 /* Build configuration list for PBXNativeTarget "AXF" */ = {
			isa = XCConfigurationList;
			buildConfigurations = (
				239661021CCCED2700113951 /* Debug */,
				239661031CCCED2700113951 /* Release */,
			);
			defaultConfigurationIsVisible = 0;
			defaultConfigurationName = Release;
		};
/* End XCConfigurationList section */
	};
	rootObject = 239660E71CCCED2600113951 /* Project object */;
}
